// !$*UTF8*$!
{
	archiveVersion = 1;
	classes = {
	};
	objectVersion = 48;
	objects = {

/* Begin PBXBuildFile section */
		0204625418C6CA96BDF17CC2 /* Pods_ICXOximeterTests.framework in Frameworks */ = {isa = PBXBuildFile; fileRef = 6F4297EF7CD0A25E0EC505BB /* Pods_ICXOximeterTests.framework */; };
		1E9D2DAAD3A9F7884AC5D6B5 /* Pods_ICXOximeterUITests.framework in Frameworks */ = {isa = PBXBuildFile; fileRef = 134F89551713F667F8BE9E1E /* Pods_ICXOximeterUITests.framework */; };
		91D16BE09DFB34343ABFF5B9 /* Pods_ICXOximeter.framework in Frameworks */ = {isa = PBXBuildFile; fileRef = 20574089D20780FD3EEDABE1 /* Pods_ICXOximeter.framework */; };
		C272E0AF20884432006C579C /* AppDelegate.swift in Sources */ = {isa = PBXBuildFile; fileRef = C272E0AE20884432006C579C /* AppDelegate.swift */; };
		C272E0B620884432006C579C /* Assets.xcassets in Resources */ = {isa = PBXBuildFile; fileRef = C272E0B520884432006C579C /* Assets.xcassets */; };
		C272E0C420884432006C579C /* ICXOximeterTests.swift in Sources */ = {isa = PBXBuildFile; fileRef = C272E0C320884432006C579C /* ICXOximeterTests.swift */; };
		C272E0CF20884432006C579C /* ICXOximeterUITests.swift in Sources */ = {isa = PBXBuildFile; fileRef = C272E0CE20884432006C579C /* ICXOximeterUITests.swift */; };
		C272E10620886194006C579C /* ICXOximeterRootRouter.swift in Sources */ = {isa = PBXBuildFile; fileRef = C272E10220886194006C579C /* ICXOximeterRootRouter.swift */; };
		C272E10720886194006C579C /* ICXOximeterRootViewController.swift in Sources */ = {isa = PBXBuildFile; fileRef = C272E10320886194006C579C /* ICXOximeterRootViewController.swift */; };
		C272E10820886194006C579C /* ICXOximeterRootBuilder.swift in Sources */ = {isa = PBXBuildFile; fileRef = C272E10420886194006C579C /* ICXOximeterRootBuilder.swift */; };
		C272E10920886194006C579C /* ICXOximeterRootInteractor.swift in Sources */ = {isa = PBXBuildFile; fileRef = C272E10520886194006C579C /* ICXOximeterRootInteractor.swift */; };
		C272E10F2088667D006C579C /* ICXOximeterTabbarRouter.swift in Sources */ = {isa = PBXBuildFile; fileRef = C272E10B2088667D006C579C /* ICXOximeterTabbarRouter.swift */; };
		C272E1102088667D006C579C /* ICXOximeterTabbarViewController.swift in Sources */ = {isa = PBXBuildFile; fileRef = C272E10C2088667D006C579C /* ICXOximeterTabbarViewController.swift */; };
		C272E1112088667D006C579C /* ICXOximeterTabbarBuilder.swift in Sources */ = {isa = PBXBuildFile; fileRef = C272E10D2088667D006C579C /* ICXOximeterTabbarBuilder.swift */; };
		C272E1122088667D006C579C /* ICXOximeterTabbarInteractor.swift in Sources */ = {isa = PBXBuildFile; fileRef = C272E10E2088667D006C579C /* ICXOximeterTabbarInteractor.swift */; };
		C272E12420887B81006C579C /* TabbarSecondRouter.swift in Sources */ = {isa = PBXBuildFile; fileRef = C272E12020887B81006C579C /* TabbarSecondRouter.swift */; };
		C272E12520887B81006C579C /* TabbarSecondViewController.swift in Sources */ = {isa = PBXBuildFile; fileRef = C272E12120887B81006C579C /* TabbarSecondViewController.swift */; };
		C272E12620887B81006C579C /* TabbarSecondBuilder.swift in Sources */ = {isa = PBXBuildFile; fileRef = C272E12220887B81006C579C /* TabbarSecondBuilder.swift */; };
		C272E12720887B81006C579C /* TabbarSecondInteractor.swift in Sources */ = {isa = PBXBuildFile; fileRef = C272E12320887B81006C579C /* TabbarSecondInteractor.swift */; };
		C272E12C20887B90006C579C /* TabbarFirstRouter.swift in Sources */ = {isa = PBXBuildFile; fileRef = C272E12820887B90006C579C /* TabbarFirstRouter.swift */; };
		C272E12D20887B90006C579C /* TabbarFirstViewController.swift in Sources */ = {isa = PBXBuildFile; fileRef = C272E12920887B90006C579C /* TabbarFirstViewController.swift */; };
		C272E12E20887B90006C579C /* TabbarFirstBuilder.swift in Sources */ = {isa = PBXBuildFile; fileRef = C272E12A20887B90006C579C /* TabbarFirstBuilder.swift */; };
		C272E12F20887B90006C579C /* TabbarFirstInteractor.swift in Sources */ = {isa = PBXBuildFile; fileRef = C272E12B20887B90006C579C /* TabbarFirstInteractor.swift */; };
		C272E13820889B10006C579C /* ConnectAAAARouter.swift in Sources */ = {isa = PBXBuildFile; fileRef = C272E13420889B10006C579C /* ConnectAAAARouter.swift */; };
		C272E13920889B10006C579C /* ConnectAAAAViewController.swift in Sources */ = {isa = PBXBuildFile; fileRef = C272E13520889B10006C579C /* ConnectAAAAViewController.swift */; };
		C272E13A20889B10006C579C /* ConnectAAAABuilder.swift in Sources */ = {isa = PBXBuildFile; fileRef = C272E13620889B10006C579C /* ConnectAAAABuilder.swift */; };
		C272E13B20889B10006C579C /* ConnectAAAAInteractor.swift in Sources */ = {isa = PBXBuildFile; fileRef = C272E13720889B10006C579C /* ConnectAAAAInteractor.swift */; };
/* End PBXBuildFile section */

/* Begin PBXContainerItemProxy section */
		C272E0C020884432006C579C /* PBXContainerItemProxy */ = {
			isa = PBXContainerItemProxy;
			containerPortal = C272E0A320884432006C579C /* Project object */;
			proxyType = 1;
			remoteGlobalIDString = C272E0AA20884432006C579C;
			remoteInfo = ICXOximeter;
		};
		C272E0CB20884432006C579C /* PBXContainerItemProxy */ = {
			isa = PBXContainerItemProxy;
			containerPortal = C272E0A320884432006C579C /* Project object */;
			proxyType = 1;
			remoteGlobalIDString = C272E0AA20884432006C579C;
			remoteInfo = ICXOximeter;
		};
/* End PBXContainerItemProxy section */

/* Begin PBXFileReference section */
		134F89551713F667F8BE9E1E /* Pods_ICXOximeterUITests.framework */ = {isa = PBXFileReference; explicitFileType = wrapper.framework; includeInIndex = 0; path = Pods_ICXOximeterUITests.framework; sourceTree = BUILT_PRODUCTS_DIR; };
		20574089D20780FD3EEDABE1 /* Pods_ICXOximeter.framework */ = {isa = PBXFileReference; explicitFileType = wrapper.framework; includeInIndex = 0; path = Pods_ICXOximeter.framework; sourceTree = BUILT_PRODUCTS_DIR; };
		5BCDBAB27C0C87B827F9BBB9 /* Pods-ICXOximeter.debug.xcconfig */ = {isa = PBXFileReference; includeInIndex = 1; lastKnownFileType = text.xcconfig; name = "Pods-ICXOximeter.debug.xcconfig"; path = "Pods/Target Support Files/Pods-ICXOximeter/Pods-ICXOximeter.debug.xcconfig"; sourceTree = "<group>"; };
		6F4297EF7CD0A25E0EC505BB /* Pods_ICXOximeterTests.framework */ = {isa = PBXFileReference; explicitFileType = wrapper.framework; includeInIndex = 0; path = Pods_ICXOximeterTests.framework; sourceTree = BUILT_PRODUCTS_DIR; };
		7288B9579A2B7600B0517B8F /* Pods-ICXOximeterTests.release.xcconfig */ = {isa = PBXFileReference; includeInIndex = 1; lastKnownFileType = text.xcconfig; name = "Pods-ICXOximeterTests.release.xcconfig"; path = "Pods/Target Support Files/Pods-ICXOximeterTests/Pods-ICXOximeterTests.release.xcconfig"; sourceTree = "<group>"; };
		814091A982C594801CB751BA /* Pods-ICXOximeterUITests.debug.xcconfig */ = {isa = PBXFileReference; includeInIndex = 1; lastKnownFileType = text.xcconfig; name = "Pods-ICXOximeterUITests.debug.xcconfig"; path = "Pods/Target Support Files/Pods-ICXOximeterUITests/Pods-ICXOximeterUITests.debug.xcconfig"; sourceTree = "<group>"; };
		97028363CAAA8EE9FD1F32F4 /* Pods-ICXOximeterTests.debug.xcconfig */ = {isa = PBXFileReference; includeInIndex = 1; lastKnownFileType = text.xcconfig; name = "Pods-ICXOximeterTests.debug.xcconfig"; path = "Pods/Target Support Files/Pods-ICXOximeterTests/Pods-ICXOximeterTests.debug.xcconfig"; sourceTree = "<group>"; };
		C272E0AB20884432006C579C /* ICXOximeter.app */ = {isa = PBXFileReference; explicitFileType = wrapper.application; includeInIndex = 0; path = ICXOximeter.app; sourceTree = BUILT_PRODUCTS_DIR; };
		C272E0AE20884432006C579C /* AppDelegate.swift */ = {isa = PBXFileReference; lastKnownFileType = sourcecode.swift; path = AppDelegate.swift; sourceTree = "<group>"; };
		C272E0B520884432006C579C /* Assets.xcassets */ = {isa = PBXFileReference; lastKnownFileType = folder.assetcatalog; path = Assets.xcassets; sourceTree = "<group>"; };
		C272E0BA20884432006C579C /* Info.plist */ = {isa = PBXFileReference; lastKnownFileType = text.plist.xml; path = Info.plist; sourceTree = "<group>"; };
		C272E0BF20884432006C579C /* ICXOximeterTests.xctest */ = {isa = PBXFileReference; explicitFileType = wrapper.cfbundle; includeInIndex = 0; path = ICXOximeterTests.xctest; sourceTree = BUILT_PRODUCTS_DIR; };
		C272E0C320884432006C579C /* ICXOximeterTests.swift */ = {isa = PBXFileReference; lastKnownFileType = sourcecode.swift; path = ICXOximeterTests.swift; sourceTree = "<group>"; };
		C272E0C520884432006C579C /* Info.plist */ = {isa = PBXFileReference; lastKnownFileType = text.plist.xml; path = Info.plist; sourceTree = "<group>"; };
		C272E0CA20884432006C579C /* ICXOximeterUITests.xctest */ = {isa = PBXFileReference; explicitFileType = wrapper.cfbundle; includeInIndex = 0; path = ICXOximeterUITests.xctest; sourceTree = BUILT_PRODUCTS_DIR; };
		C272E0CE20884432006C579C /* ICXOximeterUITests.swift */ = {isa = PBXFileReference; lastKnownFileType = sourcecode.swift; path = ICXOximeterUITests.swift; sourceTree = "<group>"; };
		C272E0D020884432006C579C /* Info.plist */ = {isa = PBXFileReference; lastKnownFileType = text.plist.xml; path = Info.plist; sourceTree = "<group>"; };
		C272E10220886194006C579C /* ICXOximeterRootRouter.swift */ = {isa = PBXFileReference; lastKnownFileType = sourcecode.swift; path = ICXOximeterRootRouter.swift; sourceTree = "<group>"; };
		C272E10320886194006C579C /* ICXOximeterRootViewController.swift */ = {isa = PBXFileReference; lastKnownFileType = sourcecode.swift; path = ICXOximeterRootViewController.swift; sourceTree = "<group>"; };
		C272E10420886194006C579C /* ICXOximeterRootBuilder.swift */ = {isa = PBXFileReference; lastKnownFileType = sourcecode.swift; path = ICXOximeterRootBuilder.swift; sourceTree = "<group>"; };
		C272E10520886194006C579C /* ICXOximeterRootInteractor.swift */ = {isa = PBXFileReference; lastKnownFileType = sourcecode.swift; path = ICXOximeterRootInteractor.swift; sourceTree = "<group>"; };
		C272E10B2088667D006C579C /* ICXOximeterTabbarRouter.swift */ = {isa = PBXFileReference; lastKnownFileType = sourcecode.swift; path = ICXOximeterTabbarRouter.swift; sourceTree = "<group>"; };
		C272E10C2088667D006C579C /* ICXOximeterTabbarViewController.swift */ = {isa = PBXFileReference; lastKnownFileType = sourcecode.swift; path = ICXOximeterTabbarViewController.swift; sourceTree = "<group>"; };
		C272E10D2088667D006C579C /* ICXOximeterTabbarBuilder.swift */ = {isa = PBXFileReference; lastKnownFileType = sourcecode.swift; path = ICXOximeterTabbarBuilder.swift; sourceTree = "<group>"; };
		C272E10E2088667D006C579C /* ICXOximeterTabbarInteractor.swift */ = {isa = PBXFileReference; lastKnownFileType = sourcecode.swift; path = ICXOximeterTabbarInteractor.swift; sourceTree = "<group>"; };
		C272E12020887B81006C579C /* TabbarSecondRouter.swift */ = {isa = PBXFileReference; lastKnownFileType = sourcecode.swift; path = TabbarSecondRouter.swift; sourceTree = "<group>"; };
		C272E12120887B81006C579C /* TabbarSecondViewController.swift */ = {isa = PBXFileReference; lastKnownFileType = sourcecode.swift; path = TabbarSecondViewController.swift; sourceTree = "<group>"; };
		C272E12220887B81006C579C /* TabbarSecondBuilder.swift */ = {isa = PBXFileReference; lastKnownFileType = sourcecode.swift; path = TabbarSecondBuilder.swift; sourceTree = "<group>"; };
		C272E12320887B81006C579C /* TabbarSecondInteractor.swift */ = {isa = PBXFileReference; lastKnownFileType = sourcecode.swift; path = TabbarSecondInteractor.swift; sourceTree = "<group>"; };
		C272E12820887B90006C579C /* TabbarFirstRouter.swift */ = {isa = PBXFileReference; lastKnownFileType = sourcecode.swift; path = TabbarFirstRouter.swift; sourceTree = "<group>"; };
		C272E12920887B90006C579C /* TabbarFirstViewController.swift */ = {isa = PBXFileReference; lastKnownFileType = sourcecode.swift; path = TabbarFirstViewController.swift; sourceTree = "<group>"; };
		C272E12A20887B90006C579C /* TabbarFirstBuilder.swift */ = {isa = PBXFileReference; lastKnownFileType = sourcecode.swift; path = TabbarFirstBuilder.swift; sourceTree = "<group>"; };
		C272E12B20887B90006C579C /* TabbarFirstInteractor.swift */ = {isa = PBXFileReference; lastKnownFileType = sourcecode.swift; path = TabbarFirstInteractor.swift; sourceTree = "<group>"; };
		C272E13420889B10006C579C /* ConnectAAAARouter.swift */ = {isa = PBXFileReference; lastKnownFileType = sourcecode.swift; path = ConnectAAAARouter.swift; sourceTree = "<group>"; };
		C272E13520889B10006C579C /* ConnectAAAAViewController.swift */ = {isa = PBXFileReference; lastKnownFileType = sourcecode.swift; path = ConnectAAAAViewController.swift; sourceTree = "<group>"; };
		C272E13620889B10006C579C /* ConnectAAAABuilder.swift */ = {isa = PBXFileReference; lastKnownFileType = sourcecode.swift; path = ConnectAAAABuilder.swift; sourceTree = "<group>"; };
		C272E13720889B10006C579C /* ConnectAAAAInteractor.swift */ = {isa = PBXFileReference; lastKnownFileType = sourcecode.swift; path = ConnectAAAAInteractor.swift; sourceTree = "<group>"; };
		D590F1DEFB043AC5B10AC48E /* Pods-ICXOximeter.release.xcconfig */ = {isa = PBXFileReference; includeInIndex = 1; lastKnownFileType = text.xcconfig; name = "Pods-ICXOximeter.release.xcconfig"; path = "Pods/Target Support Files/Pods-ICXOximeter/Pods-ICXOximeter.release.xcconfig"; sourceTree = "<group>"; };
		E4686A9136023289EB26AB58 /* Pods-ICXOximeterUITests.release.xcconfig */ = {isa = PBXFileReference; includeInIndex = 1; lastKnownFileType = text.xcconfig; name = "Pods-ICXOximeterUITests.release.xcconfig"; path = "Pods/Target Support Files/Pods-ICXOximeterUITests/Pods-ICXOximeterUITests.release.xcconfig"; sourceTree = "<group>"; };
/* End PBXFileReference section */

/* Begin PBXFrameworksBuildPhase section */
		C272E0A820884432006C579C /* Frameworks */ = {
			isa = PBXFrameworksBuildPhase;
			buildActionMask = 2147483647;
			files = (
				91D16BE09DFB34343ABFF5B9 /* Pods_ICXOximeter.framework in Frameworks */,
			);
			runOnlyForDeploymentPostprocessing = 0;
		};
		C272E0BC20884432006C579C /* Frameworks */ = {
			isa = PBXFrameworksBuildPhase;
			buildActionMask = 2147483647;
			files = (
				0204625418C6CA96BDF17CC2 /* Pods_ICXOximeterTests.framework in Frameworks */,
			);
			runOnlyForDeploymentPostprocessing = 0;
		};
		C272E0C720884432006C579C /* Frameworks */ = {
			isa = PBXFrameworksBuildPhase;
			buildActionMask = 2147483647;
			files = (
				1E9D2DAAD3A9F7884AC5D6B5 /* Pods_ICXOximeterUITests.framework in Frameworks */,
			);
			runOnlyForDeploymentPostprocessing = 0;
		};
/* End PBXFrameworksBuildPhase section */

/* Begin PBXGroup section */
		71EACAC86E9354F60F00C8F2 /* Frameworks */ = {
			isa = PBXGroup;
			children = (
				20574089D20780FD3EEDABE1 /* Pods_ICXOximeter.framework */,
				6F4297EF7CD0A25E0EC505BB /* Pods_ICXOximeterTests.framework */,
				134F89551713F667F8BE9E1E /* Pods_ICXOximeterUITests.framework */,
			);
			name = Frameworks;
			sourceTree = "<group>";
		};
		BDF06FAAC9E9AC5A6F352CE4 /* Pods */ = {
			isa = PBXGroup;
			children = (
				5BCDBAB27C0C87B827F9BBB9 /* Pods-ICXOximeter.debug.xcconfig */,
				D590F1DEFB043AC5B10AC48E /* Pods-ICXOximeter.release.xcconfig */,
				97028363CAAA8EE9FD1F32F4 /* Pods-ICXOximeterTests.debug.xcconfig */,
				7288B9579A2B7600B0517B8F /* Pods-ICXOximeterTests.release.xcconfig */,
				814091A982C594801CB751BA /* Pods-ICXOximeterUITests.debug.xcconfig */,
				E4686A9136023289EB26AB58 /* Pods-ICXOximeterUITests.release.xcconfig */,
			);
			name = Pods;
			sourceTree = "<group>";
		};
		C272E0A220884432006C579C = {
			isa = PBXGroup;
			children = (
				C272E0AD20884432006C579C /* ICXOximeter */,
				C272E0C220884432006C579C /* ICXOximeterTests */,
				C272E0CD20884432006C579C /* ICXOximeterUITests */,
				C272E0AC20884432006C579C /* Products */,
				BDF06FAAC9E9AC5A6F352CE4 /* Pods */,
				71EACAC86E9354F60F00C8F2 /* Frameworks */,
			);
			sourceTree = "<group>";
		};
		C272E0AC20884432006C579C /* Products */ = {
			isa = PBXGroup;
			children = (
				C272E0AB20884432006C579C /* ICXOximeter.app */,
				C272E0BF20884432006C579C /* ICXOximeterTests.xctest */,
				C272E0CA20884432006C579C /* ICXOximeterUITests.xctest */,
			);
			name = Products;
			sourceTree = "<group>";
		};
		C272E0AD20884432006C579C /* ICXOximeter */ = {
			isa = PBXGroup;
			children = (
				C272E13320889B02006C579C /* ConnectAAAA */,
				C272E11D208877F0006C579C /* TabbarFirst */,
				C272E11C208877F0006C579C /* TabbarSecond */,
				C272E10A2088661E006C579C /* Tabbar */,
				C272E0DC20884A4C006C579C /* Root */,
				C272E0AE20884432006C579C /* AppDelegate.swift */,
				C272E0B520884432006C579C /* Assets.xcassets */,
				C272E0BA20884432006C579C /* Info.plist */,
			);
			path = ICXOximeter;
			sourceTree = "<group>";
		};
		C272E0C220884432006C579C /* ICXOximeterTests */ = {
			isa = PBXGroup;
			children = (
				C272E0C320884432006C579C /* ICXOximeterTests.swift */,
				C272E0C520884432006C579C /* Info.plist */,
			);
			path = ICXOximeterTests;
			sourceTree = "<group>";
		};
		C272E0CD20884432006C579C /* ICXOximeterUITests */ = {
			isa = PBXGroup;
			children = (
				C272E0CE20884432006C579C /* ICXOximeterUITests.swift */,
				C272E0D020884432006C579C /* Info.plist */,
			);
			path = ICXOximeterUITests;
			sourceTree = "<group>";
		};
		C272E0DC20884A4C006C579C /* Root */ = {
			isa = PBXGroup;
			children = (
				C272E10220886194006C579C /* ICXOximeterRootRouter.swift */,
				C272E10320886194006C579C /* ICXOximeterRootViewController.swift */,
				C272E10420886194006C579C /* ICXOximeterRootBuilder.swift */,
				C272E10520886194006C579C /* ICXOximeterRootInteractor.swift */,
			);
			path = Root;
			sourceTree = "<group>";
		};
		C272E10A2088661E006C579C /* Tabbar */ = {
			isa = PBXGroup;
			children = (
				C272E10B2088667D006C579C /* ICXOximeterTabbarRouter.swift */,
				C272E10C2088667D006C579C /* ICXOximeterTabbarViewController.swift */,
				C272E10D2088667D006C579C /* ICXOximeterTabbarBuilder.swift */,
				C272E10E2088667D006C579C /* ICXOximeterTabbarInteractor.swift */,
			);
			path = Tabbar;
			sourceTree = "<group>";
		};
		C272E11C208877F0006C579C /* TabbarSecond */ = {
			isa = PBXGroup;
			children = (
				C272E12020887B81006C579C /* TabbarSecondRouter.swift */,
				C272E12120887B81006C579C /* TabbarSecondViewController.swift */,
				C272E12220887B81006C579C /* TabbarSecondBuilder.swift */,
				C272E12320887B81006C579C /* TabbarSecondInteractor.swift */,
			);
			path = TabbarSecond;
			sourceTree = "<group>";
		};
		C272E11D208877F0006C579C /* TabbarFirst */ = {
			isa = PBXGroup;
			children = (
				C272E12820887B90006C579C /* TabbarFirstRouter.swift */,
				C272E12920887B90006C579C /* TabbarFirstViewController.swift */,
				C272E12A20887B90006C579C /* TabbarFirstBuilder.swift */,
				C272E12B20887B90006C579C /* TabbarFirstInteractor.swift */,
			);
			path = TabbarFirst;
			sourceTree = "<group>";
		};
		C272E13320889B02006C579C /* ConnectAAAA */ = {
			isa = PBXGroup;
			children = (
				C272E13420889B10006C579C /* ConnectAAAARouter.swift */,
				C272E13520889B10006C579C /* ConnectAAAAViewController.swift */,
				C272E13620889B10006C579C /* ConnectAAAABuilder.swift */,
				C272E13720889B10006C579C /* ConnectAAAAInteractor.swift */,
			);
			path = ConnectAAAA;
			sourceTree = "<group>";
		};
/* End PBXGroup section */

/* Begin PBXNativeTarget section */
		C272E0AA20884432006C579C /* ICXOximeter */ = {
			isa = PBXNativeTarget;
			buildConfigurationList = C272E0D320884432006C579C /* Build configuration list for PBXNativeTarget "ICXOximeter" */;
			buildPhases = (
				58FA37F416678E938294FA96 /* [CP] Check Pods Manifest.lock */,
				C272E0A720884432006C579C /* Sources */,
				C272E0A820884432006C579C /* Frameworks */,
				C272E0A920884432006C579C /* Resources */,
				5266658ACF00EC5A5B6FDC51 /* [CP] Embed Pods Frameworks */,
			);
			buildRules = (
			);
			dependencies = (
			);
			name = ICXOximeter;
			productName = ICXOximeter;
			productReference = C272E0AB20884432006C579C /* ICXOximeter.app */;
			productType = "com.apple.product-type.application";
		};
		C272E0BE20884432006C579C /* ICXOximeterTests */ = {
			isa = PBXNativeTarget;
			buildConfigurationList = C272E0D620884432006C579C /* Build configuration list for PBXNativeTarget "ICXOximeterTests" */;
			buildPhases = (
				1D8AC46065841AA84C08B16B /* [CP] Check Pods Manifest.lock */,
				C272E0BB20884432006C579C /* Sources */,
				C272E0BC20884432006C579C /* Frameworks */,
				C272E0BD20884432006C579C /* Resources */,
			);
			buildRules = (
			);
			dependencies = (
				C272E0C120884432006C579C /* PBXTargetDependency */,
			);
			name = ICXOximeterTests;
			productName = ICXOximeterTests;
			productReference = C272E0BF20884432006C579C /* ICXOximeterTests.xctest */;
			productType = "com.apple.product-type.bundle.unit-test";
		};
		C272E0C920884432006C579C /* ICXOximeterUITests */ = {
			isa = PBXNativeTarget;
			buildConfigurationList = C272E0D920884432006C579C /* Build configuration list for PBXNativeTarget "ICXOximeterUITests" */;
			buildPhases = (
				D699846A6B1066D8C9A3CA7A /* [CP] Check Pods Manifest.lock */,
				C272E0C620884432006C579C /* Sources */,
				C272E0C720884432006C579C /* Frameworks */,
				C272E0C820884432006C579C /* Resources */,
			);
			buildRules = (
			);
			dependencies = (
				C272E0CC20884432006C579C /* PBXTargetDependency */,
			);
			name = ICXOximeterUITests;
			productName = ICXOximeterUITests;
			productReference = C272E0CA20884432006C579C /* ICXOximeterUITests.xctest */;
			productType = "com.apple.product-type.bundle.ui-testing";
		};
/* End PBXNativeTarget section */

/* Begin PBXProject section */
		C272E0A320884432006C579C /* Project object */ = {
			isa = PBXProject;
			attributes = {
				LastSwiftUpdateCheck = 0920;
				LastUpgradeCheck = 0920;
				ORGANIZATIONNAME = fanrong;
				TargetAttributes = {
					C272E0AA20884432006C579C = {
						CreatedOnToolsVersion = 9.2;
						ProvisioningStyle = Automatic;
					};
					C272E0BE20884432006C579C = {
						CreatedOnToolsVersion = 9.2;
						ProvisioningStyle = Automatic;
						TestTargetID = C272E0AA20884432006C579C;
					};
					C272E0C920884432006C579C = {
						CreatedOnToolsVersion = 9.2;
						ProvisioningStyle = Automatic;
						TestTargetID = C272E0AA20884432006C579C;
					};
				};
			};
			buildConfigurationList = C272E0A620884432006C579C /* Build configuration list for PBXProject "ICXOximeter" */;
			compatibilityVersion = "Xcode 8.0";
			developmentRegion = en;
			hasScannedForEncodings = 0;
			knownRegions = (
				en,
				Base,
			);
			mainGroup = C272E0A220884432006C579C;
			productRefGroup = C272E0AC20884432006C579C /* Products */;
			projectDirPath = "";
			projectRoot = "";
			targets = (
				C272E0AA20884432006C579C /* ICXOximeter */,
				C272E0BE20884432006C579C /* ICXOximeterTests */,
				C272E0C920884432006C579C /* ICXOximeterUITests */,
			);
		};
/* End PBXProject section */

/* Begin PBXResourcesBuildPhase section */
		C272E0A920884432006C579C /* Resources */ = {
			isa = PBXResourcesBuildPhase;
			buildActionMask = 2147483647;
			files = (
				C272E0B620884432006C579C /* Assets.xcassets in Resources */,
			);
			runOnlyForDeploymentPostprocessing = 0;
		};
		C272E0BD20884432006C579C /* Resources */ = {
			isa = PBXResourcesBuildPhase;
			buildActionMask = 2147483647;
			files = (
			);
			runOnlyForDeploymentPostprocessing = 0;
		};
		C272E0C820884432006C579C /* Resources */ = {
			isa = PBXResourcesBuildPhase;
			buildActionMask = 2147483647;
			files = (
			);
			runOnlyForDeploymentPostprocessing = 0;
		};
/* End PBXResourcesBuildPhase section */

/* Begin PBXShellScriptBuildPhase section */
		1D8AC46065841AA84C08B16B /* [CP] Check Pods Manifest.lock */ = {
			isa = PBXShellScriptBuildPhase;
			buildActionMask = 2147483647;
			files = (
			);
			inputPaths = (
				"${PODS_PODFILE_DIR_PATH}/Podfile.lock",
				"${PODS_ROOT}/Manifest.lock",
			);
			name = "[CP] Check Pods Manifest.lock";
			outputPaths = (
				"$(DERIVED_FILE_DIR)/Pods-ICXOximeterTests-checkManifestLockResult.txt",
			);
			runOnlyForDeploymentPostprocessing = 0;
			shellPath = /bin/sh;
			shellScript = "diff \"${PODS_PODFILE_DIR_PATH}/Podfile.lock\" \"${PODS_ROOT}/Manifest.lock\" > /dev/null\nif [ $? != 0 ] ; then\n    # print error to STDERR\n    echo \"error: The sandbox is not in sync with the Podfile.lock. Run 'pod install' or update your CocoaPods installation.\" >&2\n    exit 1\nfi\n# This output is used by Xcode 'outputs' to avoid re-running this script phase.\necho \"SUCCESS\" > \"${SCRIPT_OUTPUT_FILE_0}\"\n";
			showEnvVarsInLog = 0;
		};
		5266658ACF00EC5A5B6FDC51 /* [CP] Embed Pods Frameworks */ = {
			isa = PBXShellScriptBuildPhase;
			buildActionMask = 2147483647;
			files = (
			);
			inputPaths = (
				"${SRCROOT}/Pods/Target Support Files/Pods-ICXOximeter/Pods-ICXOximeter-frameworks.sh",
				"${BUILT_PRODUCTS_DIR}/PromiseKit/PromiseKit.framework",
				"${BUILT_PRODUCTS_DIR}/RIBs/RIBs.framework",
				"${BUILT_PRODUCTS_DIR}/RxCocoa/RxCocoa.framework",
				"${BUILT_PRODUCTS_DIR}/RxSwift/RxSwift.framework",
				"${BUILT_PRODUCTS_DIR}/SnapKit/SnapKit.framework",
			);
			name = "[CP] Embed Pods Frameworks";
			outputPaths = (
				"${TARGET_BUILD_DIR}/${FRAMEWORKS_FOLDER_PATH}/PromiseKit.framework",
				"${TARGET_BUILD_DIR}/${FRAMEWORKS_FOLDER_PATH}/RIBs.framework",
				"${TARGET_BUILD_DIR}/${FRAMEWORKS_FOLDER_PATH}/RxCocoa.framework",
				"${TARGET_BUILD_DIR}/${FRAMEWORKS_FOLDER_PATH}/RxSwift.framework",
				"${TARGET_BUILD_DIR}/${FRAMEWORKS_FOLDER_PATH}/SnapKit.framework",
			);
			runOnlyForDeploymentPostprocessing = 0;
			shellPath = /bin/sh;
			shellScript = "\"${SRCROOT}/Pods/Target Support Files/Pods-ICXOximeter/Pods-ICXOximeter-frameworks.sh\"\n";
			showEnvVarsInLog = 0;
		};
		58FA37F416678E938294FA96 /* [CP] Check Pods Manifest.lock */ = {
			isa = PBXShellScriptBuildPhase;
			buildActionMask = 2147483647;
			files = (
			);
			inputPaths = (
				"${PODS_PODFILE_DIR_PATH}/Podfile.lock",
				"${PODS_ROOT}/Manifest.lock",
			);
			name = "[CP] Check Pods Manifest.lock";
			outputPaths = (
				"$(DERIVED_FILE_DIR)/Pods-ICXOximeter-checkManifestLockResult.txt",
			);
			runOnlyForDeploymentPostprocessing = 0;
			shellPath = /bin/sh;
			shellScript = "diff \"${PODS_PODFILE_DIR_PATH}/Podfile.lock\" \"${PODS_ROOT}/Manifest.lock\" > /dev/null\nif [ $? != 0 ] ; then\n    # print error to STDERR\n    echo \"error: The sandbox is not in sync with the Podfile.lock. Run 'pod install' or update your CocoaPods installation.\" >&2\n    exit 1\nfi\n# This output is used by Xcode 'outputs' to avoid re-running this script phase.\necho \"SUCCESS\" > \"${SCRIPT_OUTPUT_FILE_0}\"\n";
			showEnvVarsInLog = 0;
		};
		D699846A6B1066D8C9A3CA7A /* [CP] Check Pods Manifest.lock */ = {
			isa = PBXShellScriptBuildPhase;
			buildActionMask = 2147483647;
			files = (
			);
			inputPaths = (
				"${PODS_PODFILE_DIR_PATH}/Podfile.lock",
				"${PODS_ROOT}/Manifest.lock",
			);
			name = "[CP] Check Pods Manifest.lock";
			outputPaths = (
				"$(DERIVED_FILE_DIR)/Pods-ICXOximeterUITests-checkManifestLockResult.txt",
			);
			runOnlyForDeploymentPostprocessing = 0;
			shellPath = /bin/sh;
			shellScript = "diff \"${PODS_PODFILE_DIR_PATH}/Podfile.lock\" \"${PODS_ROOT}/Manifest.lock\" > /dev/null\nif [ $? != 0 ] ; then\n    # print error to STDERR\n    echo \"error: The sandbox is not in sync with the Podfile.lock. Run 'pod install' or update your CocoaPods installation.\" >&2\n    exit 1\nfi\n# This output is used by Xcode 'outputs' to avoid re-running this script phase.\necho \"SUCCESS\" > \"${SCRIPT_OUTPUT_FILE_0}\"\n";
			showEnvVarsInLog = 0;
		};
/* End PBXShellScriptBuildPhase section */

/* Begin PBXSourcesBuildPhase section */
		C272E0A720884432006C579C /* Sources */ = {
			isa = PBXSourcesBuildPhase;
			buildActionMask = 2147483647;
			files = (
				C272E10920886194006C579C /* ICXOximeterRootInteractor.swift in Sources */,
				C272E10620886194006C579C /* ICXOximeterRootRouter.swift in Sources */,
				C272E1102088667D006C579C /* ICXOximeterTabbarViewController.swift in Sources */,
				C272E13920889B10006C579C /* ConnectAAAAViewController.swift in Sources */,
				C272E12C20887B90006C579C /* TabbarFirstRouter.swift in Sources */,
				C272E10820886194006C579C /* ICXOximeterRootBuilder.swift in Sources */,
				C272E10720886194006C579C /* ICXOximeterRootViewController.swift in Sources */,
				C272E12520887B81006C579C /* TabbarSecondViewController.swift in Sources */,
				C272E1112088667D006C579C /* ICXOximeterTabbarBuilder.swift in Sources */,
				C272E12D20887B90006C579C /* TabbarFirstViewController.swift in Sources */,
				C272E12620887B81006C579C /* TabbarSecondBuilder.swift in Sources */,
				C272E10F2088667D006C579C /* ICXOximeterTabbarRouter.swift in Sources */,
				C272E13A20889B10006C579C /* ConnectAAAABuilder.swift in Sources */,
				C272E1122088667D006C579C /* ICXOximeterTabbarInteractor.swift in Sources */,
				C272E12720887B81006C579C /* TabbarSecondInteractor.swift in Sources */,
				C272E12420887B81006C579C /* TabbarSecondRouter.swift in Sources */,
				C272E12F20887B90006C579C /* TabbarFirstInteractor.swift in Sources */,
				C272E12E20887B90006C579C /* TabbarFirstBuilder.swift in Sources */,
				C272E0AF20884432006C579C /* AppDelegate.swift in Sources */,
				C272E13B20889B10006C579C /* ConnectAAAAInteractor.swift in Sources */,
				C272E13820889B10006C579C /* ConnectAAAARouter.swift in Sources */,
			);
			runOnlyForDeploymentPostprocessing = 0;
		};
		C272E0BB20884432006C579C /* Sources */ = {
			isa = PBXSourcesBuildPhase;
			buildActionMask = 2147483647;
			files = (
				C272E0C420884432006C579C /* ICXOximeterTests.swift in Sources */,
			);
			runOnlyForDeploymentPostprocessing = 0;
		};
		C272E0C620884432006C579C /* Sources */ = {
			isa = PBXSourcesBuildPhase;
			buildActionMask = 2147483647;
			files = (
				C272E0CF20884432006C579C /* ICXOximeterUITests.swift in Sources */,
			);
			runOnlyForDeploymentPostprocessing = 0;
		};
/* End PBXSourcesBuildPhase section */

/* Begin PBXTargetDependency section */
		C272E0C120884432006C579C /* PBXTargetDependency */ = {
			isa = PBXTargetDependency;
			target = C272E0AA20884432006C579C /* ICXOximeter */;
			targetProxy = C272E0C020884432006C579C /* PBXContainerItemProxy */;
		};
		C272E0CC20884432006C579C /* PBXTargetDependency */ = {
			isa = PBXTargetDependency;
			target = C272E0AA20884432006C579C /* ICXOximeter */;
			targetProxy = C272E0CB20884432006C579C /* PBXContainerItemProxy */;
		};
/* End PBXTargetDependency section */

/* Begin XCBuildConfiguration section */
		C272E0D120884432006C579C /* Debug */ = {
			isa = XCBuildConfiguration;
			buildSettings = {
				ALWAYS_SEARCH_USER_PATHS = NO;
				CLANG_ANALYZER_NONNULL = YES;
				CLANG_ANALYZER_NUMBER_OBJECT_CONVERSION = YES_AGGRESSIVE;
				CLANG_CXX_LANGUAGE_STANDARD = "gnu++14";
				CLANG_CXX_LIBRARY = "libc++";
				CLANG_ENABLE_MODULES = YES;
				CLANG_ENABLE_OBJC_ARC = YES;
				CLANG_WARN_BLOCK_CAPTURE_AUTORELEASING = YES;
				CLANG_WARN_BOOL_CONVERSION = YES;
				CLANG_WARN_COMMA = YES;
				CLANG_WARN_CONSTANT_CONVERSION = YES;
				CLANG_WARN_DIRECT_OBJC_ISA_USAGE = YES_ERROR;
				CLANG_WARN_DOCUMENTATION_COMMENTS = YES;
				CLANG_WARN_EMPTY_BODY = YES;
				CLANG_WARN_ENUM_CONVERSION = YES;
				CLANG_WARN_INFINITE_RECURSION = YES;
				CLANG_WARN_INT_CONVERSION = YES;
				CLANG_WARN_NON_LITERAL_NULL_CONVERSION = YES;
				CLANG_WARN_OBJC_LITERAL_CONVERSION = YES;
				CLANG_WARN_OBJC_ROOT_CLASS = YES_ERROR;
				CLANG_WARN_RANGE_LOOP_ANALYSIS = YES;
				CLANG_WARN_STRICT_PROTOTYPES = YES;
				CLANG_WARN_SUSPICIOUS_MOVE = YES;
				CLANG_WARN_UNGUARDED_AVAILABILITY = YES_AGGRESSIVE;
				CLANG_WARN_UNREACHABLE_CODE = YES;
				CLANG_WARN__DUPLICATE_METHOD_MATCH = YES;
				CODE_SIGN_IDENTITY = "iPhone Developer";
				COPY_PHASE_STRIP = NO;
				DEBUG_INFORMATION_FORMAT = dwarf;
				ENABLE_STRICT_OBJC_MSGSEND = YES;
				ENABLE_TESTABILITY = YES;
				GCC_C_LANGUAGE_STANDARD = gnu11;
				GCC_DYNAMIC_NO_PIC = NO;
				GCC_NO_COMMON_BLOCKS = YES;
				GCC_OPTIMIZATION_LEVEL = 0;
				GCC_PREPROCESSOR_DEFINITIONS = (
					"DEBUG=1",
					"$(inherited)",
				);
				GCC_WARN_64_TO_32_BIT_CONVERSION = YES;
				GCC_WARN_ABOUT_RETURN_TYPE = YES_ERROR;
				GCC_WARN_UNDECLARED_SELECTOR = YES;
				GCC_WARN_UNINITIALIZED_AUTOS = YES_AGGRESSIVE;
				GCC_WARN_UNUSED_FUNCTION = YES;
				GCC_WARN_UNUSED_VARIABLE = YES;
				IPHONEOS_DEPLOYMENT_TARGET = 11.2;
				MTL_ENABLE_DEBUG_INFO = YES;
				ONLY_ACTIVE_ARCH = YES;
				SDKROOT = iphoneos;
				SWIFT_ACTIVE_COMPILATION_CONDITIONS = DEBUG;
				SWIFT_OPTIMIZATION_LEVEL = "-Onone";
			};
			name = Debug;
		};
		C272E0D220884432006C579C /* Release */ = {
			isa = XCBuildConfiguration;
			buildSettings = {
				ALWAYS_SEARCH_USER_PATHS = NO;
				CLANG_ANALYZER_NONNULL = YES;
				CLANG_ANALYZER_NUMBER_OBJECT_CONVERSION = YES_AGGRESSIVE;
				CLANG_CXX_LANGUAGE_STANDARD = "gnu++14";
				CLANG_CXX_LIBRARY = "libc++";
				CLANG_ENABLE_MODULES = YES;
				CLANG_ENABLE_OBJC_ARC = YES;
				CLANG_WARN_BLOCK_CAPTURE_AUTORELEASING = YES;
				CLANG_WARN_BOOL_CONVERSION = YES;
				CLANG_WARN_COMMA = YES;
				CLANG_WARN_CONSTANT_CONVERSION = YES;
				CLANG_WARN_DIRECT_OBJC_ISA_USAGE = YES_ERROR;
				CLANG_WARN_DOCUMENTATION_COMMENTS = YES;
				CLANG_WARN_EMPTY_BODY = YES;
				CLANG_WARN_ENUM_CONVERSION = YES;
				CLANG_WARN_INFINITE_RECURSION = YES;
				CLANG_WARN_INT_CONVERSION = YES;
				CLANG_WARN_NON_LITERAL_NULL_CONVERSION = YES;
				CLANG_WARN_OBJC_LITERAL_CONVERSION = YES;
				CLANG_WARN_OBJC_ROOT_CLASS = YES_ERROR;
				CLANG_WARN_RANGE_LOOP_ANALYSIS = YES;
				CLANG_WARN_STRICT_PROTOTYPES = YES;
				CLANG_WARN_SUSPICIOUS_MOVE = YES;
				CLANG_WARN_UNGUARDED_AVAILABILITY = YES_AGGRESSIVE;
				CLANG_WARN_UNREACHABLE_CODE = YES;
				CLANG_WARN__DUPLICATE_METHOD_MATCH = YES;
				CODE_SIGN_IDENTITY = "iPhone Developer";
				COPY_PHASE_STRIP = NO;
				DEBUG_INFORMATION_FORMAT = "dwarf-with-dsym";
				ENABLE_NS_ASSERTIONS = NO;
				ENABLE_STRICT_OBJC_MSGSEND = YES;
				GCC_C_LANGUAGE_STANDARD = gnu11;
				GCC_NO_COMMON_BLOCKS = YES;
				GCC_WARN_64_TO_32_BIT_CONVERSION = YES;
				GCC_WARN_ABOUT_RETURN_TYPE = YES_ERROR;
				GCC_WARN_UNDECLARED_SELECTOR = YES;
				GCC_WARN_UNINITIALIZED_AUTOS = YES_AGGRESSIVE;
				GCC_WARN_UNUSED_FUNCTION = YES;
				GCC_WARN_UNUSED_VARIABLE = YES;
				IPHONEOS_DEPLOYMENT_TARGET = 11.2;
				MTL_ENABLE_DEBUG_INFO = NO;
				SDKROOT = iphoneos;
				SWIFT_OPTIMIZATION_LEVEL = "-Owholemodule";
				VALIDATE_PRODUCT = YES;
			};
			name = Release;
		};
		C272E0D420884432006C579C /* Debug */ = {
			isa = XCBuildConfiguration;
			baseConfigurationReference = 5BCDBAB27C0C87B827F9BBB9 /* Pods-ICXOximeter.debug.xcconfig */;
			buildSettings = {
				ASSETCATALOG_COMPILER_APPICON_NAME = AppIcon;
				CODE_SIGN_STYLE = Automatic;
				DEVELOPMENT_TEAM = 8VF8D8GDRV;
				INFOPLIST_FILE = ICXOximeter/Info.plist;
				IPHONEOS_DEPLOYMENT_TARGET = 8.0;
				LD_RUNPATH_SEARCH_PATHS = "$(inherited) @executable_path/Frameworks";
				PRODUCT_BUNDLE_IDENTIFIER = fanrong.fanrong;
				PRODUCT_NAME = "$(TARGET_NAME)";
				SWIFT_VERSION = 4.0;
				TARGETED_DEVICE_FAMILY = "1,2";
			};
			name = Debug;
		};
		C272E0D520884432006C579C /* Release */ = {
			isa = XCBuildConfiguration;
			baseConfigurationReference = D590F1DEFB043AC5B10AC48E /* Pods-ICXOximeter.release.xcconfig */;
			buildSettings = {
				ASSETCATALOG_COMPILER_APPICON_NAME = AppIcon;
				CODE_SIGN_STYLE = Automatic;
				DEVELOPMENT_TEAM = 8VF8D8GDRV;
				INFOPLIST_FILE = ICXOximeter/Info.plist;
				IPHONEOS_DEPLOYMENT_TARGET = 8.0;
				LD_RUNPATH_SEARCH_PATHS = "$(inherited) @executable_path/Frameworks";
				PRODUCT_BUNDLE_IDENTIFIER = fanrong.fanrong;
				PRODUCT_NAME = "$(TARGET_NAME)";
				SWIFT_VERSION = 4.0;
				TARGETED_DEVICE_FAMILY = "1,2";
			};
			name = Release;
		};
		C272E0D720884432006C579C /* Debug */ = {
			isa = XCBuildConfiguration;
			baseConfigurationReference = 97028363CAAA8EE9FD1F32F4 /* Pods-ICXOximeterTests.debug.xcconfig */;
			buildSettings = {
				ALWAYS_EMBED_SWIFT_STANDARD_LIBRARIES = YES;
				BUNDLE_LOADER = "$(TEST_HOST)";
				CODE_SIGN_STYLE = Automatic;
				INFOPLIST_FILE = ICXOximeterTests/Info.plist;
				LD_RUNPATH_SEARCH_PATHS = "$(inherited) @executable_path/Frameworks @loader_path/Frameworks";
				PRODUCT_BUNDLE_IDENTIFIER = hh.com.ICXOximeterTests;
				PRODUCT_NAME = "$(TARGET_NAME)";
				SWIFT_VERSION = 4.0;
				TARGETED_DEVICE_FAMILY = "1,2";
				TEST_HOST = "$(BUILT_PRODUCTS_DIR)/ICXOximeter.app/ICXOximeter";
			};
			name = Debug;
		};
		C272E0D820884432006C579C /* Release */ = {
			isa = XCBuildConfiguration;
			baseConfigurationReference = 7288B9579A2B7600B0517B8F /* Pods-ICXOximeterTests.release.xcconfig */;
			buildSettings = {
				ALWAYS_EMBED_SWIFT_STANDARD_LIBRARIES = YES;
				BUNDLE_LOADER = "$(TEST_HOST)";
				CODE_SIGN_STYLE = Automatic;
				INFOPLIST_FILE = ICXOximeterTests/Info.plist;
				LD_RUNPATH_SEARCH_PATHS = "$(inherited) @executable_path/Frameworks @loader_path/Frameworks";
				PRODUCT_BUNDLE_IDENTIFIER = hh.com.ICXOximeterTests;
				PRODUCT_NAME = "$(TARGET_NAME)";
				SWIFT_VERSION = 4.0;
				TARGETED_DEVICE_FAMILY = "1,2";
				TEST_HOST = "$(BUILT_PRODUCTS_DIR)/ICXOximeter.app/ICXOximeter";
			};
			name = Release;
		};
		C272E0DA20884432006C579C /* Debug */ = {
			isa = XCBuildConfiguration;
			baseConfigurationReference = 814091A982C594801CB751BA /* Pods-ICXOximeterUITests.debug.xcconfig */;
			buildSettings = {
				ALWAYS_EMBED_SWIFT_STANDARD_LIBRARIES = YES;
				CODE_SIGN_STYLE = Automatic;
				INFOPLIST_FILE = ICXOximeterUITests/Info.plist;
				LD_RUNPATH_SEARCH_PATHS = "$(inherited) @executable_path/Frameworks @loader_path/Frameworks";
				PRODUCT_BUNDLE_IDENTIFIER = hh.com.ICXOximeterUITests;
				PRODUCT_NAME = "$(TARGET_NAME)";
				SWIFT_VERSION = 4.0;
				TARGETED_DEVICE_FAMILY = "1,2";
				TEST_TARGET_NAME = ICXOximeter;
			};
			name = Debug;
		};
		C272E0DB20884432006C579C /* Release */ = {
			isa = XCBuildConfiguration;
			baseConfigurationReference = E4686A9136023289EB26AB58 /* Pods-ICXOximeterUITests.release.xcconfig */;
			buildSettings = {
				ALWAYS_EMBED_SWIFT_STANDARD_LIBRARIES = YES;
				CODE_SIGN_STYLE = Automatic;
				INFOPLIST_FILE = ICXOximeterUITests/Info.plist;
				LD_RUNPATH_SEARCH_PATHS = "$(inherited) @executable_path/Frameworks @loader_path/Frameworks";
				PRODUCT_BUNDLE_IDENTIFIER = hh.com.ICXOximeterUITests;
				PRODUCT_NAME = "$(TARGET_NAME)";
				SWIFT_VERSION = 4.0;
				TARGETED_DEVICE_FAMILY = "1,2";
				TEST_TARGET_NAME = ICXOximeter;
			};
			name = Release;
		};
/* End XCBuildConfiguration section */

/* Begin XCConfigurationList section */
		C272E0A620884432006C579C /* Build configuration list for PBXProject "ICXOximeter" */ = {
			isa = XCConfigurationList;
			buildConfigurations = (
				C272E0D120884432006C579C /* Debug */,
				C272E0D220884432006C579C /* Release */,
			);
			defaultConfigurationIsVisible = 0;
			defaultConfigurationName = Release;
		};
		C272E0D320884432006C579C /* Build configuration list for PBXNativeTarget "ICXOximeter" */ = {
			isa = XCConfigurationList;
			buildConfigurations = (
				C272E0D420884432006C579C /* Debug */,
				C272E0D520884432006C579C /* Release */,
			);
			defaultConfigurationIsVisible = 0;
			defaultConfigurationName = Release;
		};
		C272E0D620884432006C579C /* Build configuration list for PBXNativeTarget "ICXOximeterTests" */ = {
			isa = XCConfigurationList;
			buildConfigurations = (
				C272E0D720884432006C579C /* Debug */,
				C272E0D820884432006C579C /* Release */,
			);
			defaultConfigurationIsVisible = 0;
			defaultConfigurationName = Release;
		};
		C272E0D920884432006C579C /* Build configuration list for PBXNativeTarget "ICXOximeterUITests" */ = {
			isa = XCConfigurationList;
			buildConfigurations = (
				C272E0DA20884432006C579C /* Debug */,
				C272E0DB20884432006C579C /* Release */,
			);
			defaultConfigurationIsVisible = 0;
			defaultConfigurationName = Release;
		};
/* End XCConfigurationList section */
	};
	rootObject = C272E0A320884432006C579C /* Project object */;
}
